
Microsoft Visual Studio Solution File, Format Version 12.00
# Visual Studio 15
VisualStudioVersion = 15.0.28307.136
MinimumVisualStudioVersion = 10.0.40219.1
Project("{FAE04EC0-301F-11D3-BF4B-00C04F79EFBC}") = "XamarinTraining.Android", "XamarinTraining\XamarinTraining.Android\XamarinTraining.Android.csproj", "{0E305E2F-7E31-4C6B-80A3-9EDCFB90CB0E}"
EndProject
Project("{FAE04EC0-301F-11D3-BF4B-00C04F79EFBC}") = "XamarinTraining.iOS", "XamarinTraining\XamarinTraining.iOS\XamarinTraining.iOS.csproj", "{64DE8D6B-584A-4916-874A-5CE7A0BFA7AF}"
EndProject
Project("{FAE04EC0-301F-11D3-BF4B-00C04F79EFBC}") = "XamarinTraining", "XamarinTraining\XamarinTraining\XamarinTraining.csproj", "{7A2EDFB9-D0E9-4C6F-AA70-55B8880A2000}"
EndProject
Global
	GlobalSection(SolutionConfigurationPlatforms) = preSolution
		Ad-Hoc|Any CPU = Ad-Hoc|Any CPU
		Ad-Hoc|iPhone = Ad-Hoc|iPhone
		Ad-Hoc|iPhoneSimulator = Ad-Hoc|iPhoneSimulator
		AppStore|Any CPU = AppStore|Any CPU
		AppStore|iPhone = AppStore|iPhone
		AppStore|iPhoneSimulator = AppStore|iPhoneSimulator
		Debug|Any CPU = Debug|Any CPU
		Debug|iPhone = Debug|iPhone
		Debug|iPhoneSimulator = Debug|iPhoneSimulator
		Release|Any CPU = Release|Any CPU
		Release|iPhone = Release|iPhone
		Release|iPhoneSimulator = Release|iPhoneSimulator
	EndGlobalSection
	GlobalSection(ProjectConfigurationPlatforms) = postSolution
		{0E305E2F-7E31-4C6B-80A3-9EDCFB90CB0E}.Ad-Hoc|Any CPU.ActiveCfg = Release|Any CPU
		{0E305E2F-7E31-4C6B-80A3-9EDCFB90CB0E}.Ad-Hoc|Any CPU.Build.0 = Release|Any CPU
		{0E305E2F-7E31-4C6B-80A3-9EDCFB90CB0E}.Ad-Hoc|Any CPU.Deploy.0 = Release|Any CPU
		{0E305E2F-7E31-4C6B-80A3-9EDCFB90CB0E}.Ad-Hoc|iPhone.ActiveCfg = Release|Any CPU
		{0E305E2F-7E31-4C6B-80A3-9EDCFB90CB0E}.Ad-Hoc|iPhone.Build.0 = Release|Any CPU
		{0E305E2F-7E31-4C6B-80A3-9EDCFB90CB0E}.Ad-Hoc|iPhone.Deploy.0 = Release|Any CPU
		{0E305E2F-7E31-4C6B-80A3-9EDCFB90CB0E}.Ad-Hoc|iPhoneSimulator.ActiveCfg = Release|Any CPU
		{0E305E2F-7E31-4C6B-80A3-9EDCFB90CB0E}.Ad-Hoc|iPhoneSimulator.Build.0 = Release|Any CPU
		{0E305E2F-7E31-4C6B-80A3-9EDCFB90CB0E}.Ad-Hoc|iPhoneSimulator.Deploy.0 = Release|Any CPU
		{0E305E2F-7E31-4C6B-80A3-9EDCFB90CB0E}.AppStore|Any CPU.ActiveCfg = Release|Any CPU
		{0E305E2F-7E31-4C6B-80A3-9EDCFB90CB0E}.AppStore|Any CPU.Build.0 = Release|Any CPU
		{0E305E2F-7E31-4C6B-80A3-9EDCFB90CB0E}.AppStore|Any CPU.Deploy.0 = Release|Any CPU
		{0E305E2F-7E31-4C6B-80A3-9EDCFB90CB0E}.AppStore|iPhone.ActiveCfg = Release|Any CPU
		{0E305E2F-7E31-4C6B-80A3-9EDCFB90CB0E}.AppStore|iPhone.Build.0 = Release|Any CPU
		{0E305E2F-7E31-4C6B-80A3-9EDCFB90CB0E}.AppStore|iPhone.Deploy.0 = Release|Any CPU
		{0E305E2F-7E31-4C6B-80A3-9EDCFB90CB0E}.AppStore|iPhoneSimulator.ActiveCfg = Release|Any CPU
		{0E305E2F-7E31-4C6B-80A3-9EDCFB90CB0E}.AppStore|iPhoneSimulator.Build.0 = Release|Any CPU
		{0E305E2F-7E31-4C6B-80A3-9EDCFB90CB0E}.AppStore|iPhoneSimulator.Deploy.0 = Release|Any CPU
		{0E305E2F-7E31-4C6B-80A3-9EDCFB90CB0E}.Debug|Any CPU.ActiveCfg = Debug|Any CPU
		{0E305E2F-7E31-4C6B-80A3-9EDCFB90CB0E}.Debug|Any CPU.Build.0 = Debug|Any CPU
		{0E305E2F-7E31-4C6B-80A3-9EDCFB90CB0E}.Debug|Any CPU.Deploy.0 = Debug|Any CPU
		{0E305E2F-7E31-4C6B-80A3-9EDCFB90CB0E}.Debug|iPhone.ActiveCfg = Debug|Any CPU
		{0E305E2F-7E31-4C6B-80A3-9EDCFB90CB0E}.Debug|iPhone.Build.0 = Debug|Any CPU
		{0E305E2F-7E31-4C6B-80A3-9EDCFB90CB0E}.Debug|iPhone.Deploy.0 = Debug|Any CPU
		{0E305E2F-7E31-4C6B-80A3-9EDCFB90CB0E}.Debug|iPhoneSimulator.ActiveCfg = Debug|Any CPU
		{0E305E2F-7E31-4C6B-80A3-9EDCFB90CB0E}.Debug|iPhoneSimulator.Build.0 = Debug|Any CPU
		{0E305E2F-7E31-4C6B-80A3-9EDCFB90CB0E}.Debug|iPhoneSimulator.Deploy.0 = Debug|Any CPU
		{0E305E2F-7E31-4C6B-80A3-9EDCFB90CB0E}.Release|Any CPU.ActiveCfg = Release|Any CPU
		{0E305E2F-7E31-4C6B-80A3-9EDCFB90CB0E}.Release|Any CPU.Build.0 = Release|Any CPU
		{0E305E2F-7E31-4C6B-80A3-9EDCFB90CB0E}.Release|Any CPU.Deploy.0 = Release|Any CPU
		{0E305E2F-7E31-4C6B-80A3-9EDCFB90CB0E}.Release|iPhone.ActiveCfg = Release|Any CPU
		{0E305E2F-7E31-4C6B-80A3-9EDCFB90CB0E}.Release|iPhone.Build.0 = Release|Any CPU
		{0E305E2F-7E31-4C6B-80A3-9EDCFB90CB0E}.Release|iPhone.Deploy.0 = Release|Any CPU
		{0E305E2F-7E31-4C6B-80A3-9EDCFB90CB0E}.Release|iPhoneSimulator.ActiveCfg = Release|Any CPU
		{0E305E2F-7E31-4C6B-80A3-9EDCFB90CB0E}.Release|iPhoneSimulator.Build.0 = Release|Any CPU
		{0E305E2F-7E31-4C6B-80A3-9EDCFB90CB0E}.Release|iPhoneSimulator.Deploy.0 = Release|Any CPU
		{64DE8D6B-584A-4916-874A-5CE7A0BFA7AF}.Ad-Hoc|Any CPU.ActiveCfg = Ad-Hoc|iPhone
		{64DE8D6B-584A-4916-874A-5CE7A0BFA7AF}.Ad-Hoc|Any CPU.Build.0 = Ad-Hoc|iPhone
		{64DE8D6B-584A-4916-874A-5CE7A0BFA7AF}.Ad-Hoc|Any CPU.Deploy.0 = Ad-Hoc|iPhone
		{64DE8D6B-584A-4916-874A-5CE7A0BFA7AF}.Ad-Hoc|iPhone.ActiveCfg = Ad-Hoc|iPhone
		{64DE8D6B-584A-4916-874A-5CE7A0BFA7AF}.Ad-Hoc|iPhone.Build.0 = Ad-Hoc|iPhone
		{64DE8D6B-584A-4916-874A-5CE7A0BFA7AF}.Ad-Hoc|iPhone.Deploy.0 = Ad-Hoc|iPhone
		{64DE8D6B-584A-4916-874A-5CE7A0BFA7AF}.Ad-Hoc|iPhoneSimulator.ActiveCfg = Ad-Hoc|iPhoneSimulator
		{64DE8D6B-584A-4916-874A-5CE7A0BFA7AF}.Ad-Hoc|iPhoneSimulator.Build.0 = Ad-Hoc|iPhoneSimulator
		{64DE8D6B-584A-4916-874A-5CE7A0BFA7AF}.Ad-Hoc|iPhoneSimulator.Deploy.0 = Ad-Hoc|iPhoneSimulator
		{64DE8D6B-584A-4916-874A-5CE7A0BFA7AF}.AppStore|Any CPU.ActiveCfg = AppStore|iPhone
		{64DE8D6B-584A-4916-874A-5CE7A0BFA7AF}.AppStore|Any CPU.Build.0 = AppStore|iPhone
		{64DE8D6B-584A-4916-874A-5CE7A0BFA7AF}.AppStore|Any CPU.Deploy.0 = AppStore|iPhone
		{64DE8D6B-584A-4916-874A-5CE7A0BFA7AF}.AppStore|iPhone.ActiveCfg = AppStore|iPhone
		{64DE8D6B-584A-4916-874A-5CE7A0BFA7AF}.AppStore|iPhone.Build.0 = AppStore|iPhone
		{64DE8D6B-584A-4916-874A-5CE7A0BFA7AF}.AppStore|iPhone.Deploy.0 = AppStore|iPhone
		{64DE8D6B-584A-4916-874A-5CE7A0BFA7AF}.AppStore|iPhoneSimulator.ActiveCfg = AppStore|iPhoneSimulator
		{64DE8D6B-584A-4916-874A-5CE7A0BFA7AF}.AppStore|iPhoneSimulator.Build.0 = AppStore|iPhoneSimulator
		{64DE8D6B-584A-4916-874A-5CE7A0BFA7AF}.AppStore|iPhoneSimulator.Deploy.0 = AppStore|iPhoneSimulator
		{64DE8D6B-584A-4916-874A-5CE7A0BFA7AF}.Debug|Any CPU.ActiveCfg = Debug|iPhoneSimulator
		{64DE8D6B-584A-4916-874A-5CE7A0BFA7AF}.Debug|Any CPU.Build.0 = Debug|iPhoneSimulator
		{64DE8D6B-584A-4916-874A-5CE7A0BFA7AF}.Debug|Any CPU.Deploy.0 = Debug|iPhoneSimulator
		{64DE8D6B-584A-4916-874A-5CE7A0BFA7AF}.Debug|iPhone.ActiveCfg = Debug|iPhone
		{64DE8D6B-584A-4916-874A-5CE7A0BFA7AF}.Debug|iPhone.Build.0 = Debug|iPhone
		{64DE8D6B-584A-4916-874A-5CE7A0BFA7AF}.Debug|iPhone.Deploy.0 = Debug|iPhone
		{64DE8D6B-584A-4916-874A-5CE7A0BFA7AF}.Debug|iPhoneSimulator.ActiveCfg = Debug|iPhoneSimulator
		{64DE8D6B-584A-4916-874A-5CE7A0BFA7AF}.Debug|iPhoneSimulator.Build.0 = Debug|iPhoneSimulator
		{64DE8D6B-584A-4916-874A-5CE7A0BFA7AF}.Debug|iPhoneSimulator.Deploy.0 = Debug|iPhoneSimulator
		{64DE8D6B-584A-4916-874A-5CE7A0BFA7AF}.Release|Any CPU.ActiveCfg = Release|iPhone
		{64DE8D6B-584A-4916-874A-5CE7A0BFA7AF}.Release|Any CPU.Build.0 = Release|iPhone
		{64DE8D6B-584A-4916-874A-5CE7A0BFA7AF}.Release|Any CPU.Deploy.0 = Release|iPhone
		{64DE8D6B-584A-4916-874A-5CE7A0BFA7AF}.Release|iPhone.ActiveCfg = Release|iPhone
		{64DE8D6B-584A-4916-874A-5CE7A0BFA7AF}.Release|iPhone.Build.0 = Release|iPhone
		{64DE8D6B-584A-4916-874A-5CE7A0BFA7AF}.Release|iPhone.Deploy.0 = Release|iPhone
		{64DE8D6B-584A-4916-874A-5CE7A0BFA7AF}.Release|iPhoneSimulator.ActiveCfg = Release|iPhoneSimulator
		{64DE8D6B-584A-4916-874A-5CE7A0BFA7AF}.Release|iPhoneSimulator.Build.0 = Release|iPhoneSimulator
		{64DE8D6B-584A-4916-874A-5CE7A0BFA7AF}.Release|iPhoneSimulator.Deploy.0 = Release|iPhoneSimulator
		{7A2EDFB9-D0E9-4C6F-AA70-55B8880A2000}.Ad-Hoc|Any CPU.ActiveCfg = Debug|Any CPU
		{7A2EDFB9-D0E9-4C6F-AA70-55B8880A2000}.Ad-Hoc|Any CPU.Build.0 = Debug|Any CPU
		{7A2EDFB9-D0E9-4C6F-AA70-55B8880A2000}.Ad-Hoc|Any CPU.Deploy.0 = Debug|Any CPU
		{7A2EDFB9-D0E9-4C6F-AA70-55B8880A2000}.Ad-Hoc|iPhone.ActiveCfg = Debug|Any CPU
		{7A2EDFB9-D0E9-4C6F-AA70-55B8880A2000}.Ad-Hoc|iPhone.Build.0 = Debug|Any CPU
		{7A2EDFB9-D0E9-4C6F-AA70-55B8880A2000}.Ad-Hoc|iPhone.Deploy.0 = Debug|Any CPU
		{7A2EDFB9-D0E9-4C6F-AA70-55B8880A2000}.Ad-Hoc|iPhoneSimulator.ActiveCfg = Debug|Any CPU
		{7A2EDFB9-D0E9-4C6F-AA70-55B8880A2000}.Ad-Hoc|iPhoneSimulator.Build.0 = Debug|Any CPU
		{7A2EDFB9-D0E9-4C6F-AA70-55B8880A2000}.Ad-Hoc|iPhoneSimulator.Deploy.0 = Debug|Any CPU
		{7A2EDFB9-D0E9-4C6F-AA70-55B8880A2000}.AppStore|Any CPU.ActiveCfg = Debug|Any CPU
		{7A2EDFB9-D0E9-4C6F-AA70-55B8880A2000}.AppStore|Any CPU.Build.0 = Debug|Any CPU
		{7A2EDFB9-D0E9-4C6F-AA70-55B8880A2000}.AppStore|Any CPU.Deploy.0 = Debug|Any CPU
		{7A2EDFB9-D0E9-4C6F-AA70-55B8880A2000}.AppStore|iPhone.ActiveCfg = Debug|Any CPU
		{7A2EDFB9-D0E9-4C6F-AA70-55B8880A2000}.AppStore|iPhone.Build.0 = Debug|Any CPU
		{7A2EDFB9-D0E9-4C6F-AA70-55B8880A2000}.AppStore|iPhone.Deploy.0 = Debug|Any CPU
		{7A2EDFB9-D0E9-4C6F-AA70-55B8880A2000}.AppStore|iPhoneSimulator.ActiveCfg = Debug|Any CPU
		{7A2EDFB9-D0E9-4C6F-AA70-55B8880A2000}.AppStore|iPhoneSimulator.Build.0 = Debug|Any CPU
		{7A2EDFB9-D0E9-4C6F-AA70-55B8880A2000}.AppStore|iPhoneSimulator.Deploy.0 = Debug|Any CPU
		{7A2EDFB9-D0E9-4C6F-AA70-55B8880A2000}.Debug|Any CPU.ActiveCfg = Debug|Any CPU
		{7A2EDFB9-D0E9-4C6F-AA70-55B8880A2000}.Debug|Any CPU.Build.0 = Debug|Any CPU
		{7A2EDFB9-D0E9-4C6F-AA70-55B8880A2000}.Debug|Any CPU.Deploy.0 = Debug|Any CPU
		{7A2EDFB9-D0E9-4C6F-AA70-55B8880A2000}.Debug|iPhone.ActiveCfg = Debug|Any CPU
		{7A2EDFB9-D0E9-4C6F-AA70-55B8880A2000}.Debug|iPhone.Build.0 = Debug|Any CPU
		{7A2EDFB9-D0E9-4C6F-AA70-55B8880A2000}.Debug|iPhone.Deploy.0 = Debug|Any CPU
		{7A2EDFB9-D0E9-4C6F-AA70-55B8880A2000}.Debug|iPhoneSimulator.ActiveCfg = Debug|Any CPU
		{7A2EDFB9-D0E9-4C6F-AA70-55B8880A2000}.Debug|iPhoneSimulator.Build.0 = Debug|Any CPU
		{7A2EDFB9-D0E9-4C6F-AA70-55B8880A2000}.Debug|iPhoneSimulator.Deploy.0 = Debug|Any CPU
		{7A2EDFB9-D0E9-4C6F-AA70-55B8880A2000}.Release|Any CPU.ActiveCfg = Release|Any CPU
		{7A2EDFB9-D0E9-4C6F-AA70-55B8880A2000}.Release|Any CPU.Build.0 = Release|Any CPU
		{7A2EDFB9-D0E9-4C6F-AA70-55B8880A2000}.Release|Any CPU.Deploy.0 = Release|Any CPU
		{7A2EDFB9-D0E9-4C6F-AA70-55B8880A2000}.Release|iPhone.ActiveCfg = Release|Any CPU
		{7A2EDFB9-D0E9-4C6F-AA70-55B8880A2000}.Release|iPhone.Build.0 = Release|Any CPU
		{7A2EDFB9-D0E9-4C6F-AA70-55B8880A2000}.Release|iPhone.Deploy.0 = Release|Any CPU
		{7A2EDFB9-D0E9-4C6F-AA70-55B8880A2000}.Release|iPhoneSimulator.ActiveCfg = Release|Any CPU
		{7A2EDFB9-D0E9-4C6F-AA70-55B8880A2000}.Release|iPhoneSimulator.Build.0 = Release|Any CPU
		{7A2EDFB9-D0E9-4C6F-AA70-55B8880A2000}.Release|iPhoneSimulator.Deploy.0 = Release|Any CPU
	EndGlobalSection
	GlobalSection(SolutionProperties) = preSolution
		HideSolutionNode = FALSE
	EndGlobalSection
	GlobalSection(ExtensibilityGlobals) = postSolution
		SolutionGuid = {9CA69797-79FC-49E5-BDEF-A3E722A87B6C}
	EndGlobalSection
EndGlobal
